
Microsoft Visual Studio Solution File, Format Version 12.00
# Visual Studio 15
VisualStudioVersion = 15.0.27004.2009
MinimumVisualStudioVersion = 10.0.40219.1
Project("{9A19103F-16F7-4668-BE54-9A1E7A4F7556}") = "VgySdk", "VgySdk\VgySdk.csproj", "{AA6A8A3A-C2D6-4E3E-8877-33309A4D2FE3}"
EndProject
Project("{9A19103F-16F7-4668-BE54-9A1E7A4F7556}") = "VygDemo", "VygDemo\VygDemo.csproj", "{DA869EC9-7C57-4482-A5BC-F654746E5AA3}"
EndProject
Project("{FAE04EC0-301F-11D3-BF4B-00C04F79EFBC}") = "VygWebDemo", "VygWebDemo\VygWebDemo.csproj", "{5FCCA0F4-1DEC-4EB1-9625-AF07AD09A038}"
EndProject
Global
	GlobalSection(SolutionConfigurationPlatforms) = preSolution
		Debug|Any CPU = Debug|Any CPU
		Release|Any CPU = Release|Any CPU
	EndGlobalSection
	GlobalSection(ProjectConfigurationPlatforms) = postSolution
		{AA6A8A3A-C2D6-4E3E-8877-33309A4D2FE3}.Debug|Any CPU.ActiveCfg = Debug|Any CPU
		{AA6A8A3A-C2D6-4E3E-8877-33309A4D2FE3}.Debug|Any CPU.Build.0 = Debug|Any CPU
		{AA6A8A3A-C2D6-4E3E-8877-33309A4D2FE3}.Release|Any CPU.ActiveCfg = Release|Any CPU
		{AA6A8A3A-C2D6-4E3E-8877-33309A4D2FE3}.Release|Any CPU.Build.0 = Release|Any CPU
		{DA869EC9-7C57-4482-A5BC-F654746E5AA3}.Debug|Any CPU.ActiveCfg = Debug|Any CPU
		{DA869EC9-7C57-4482-A5BC-F654746E5AA3}.Debug|Any CPU.Build.0 = Debug|Any CPU
		{DA869EC9-7C57-4482-A5BC-F654746E5AA3}.Release|Any CPU.ActiveCfg = Release|Any CPU
		{DA869EC9-7C57-4482-A5BC-F654746E5AA3}.Release|Any CPU.Build.0 = Release|Any CPU
		{5FCCA0F4-1DEC-4EB1-9625-AF07AD09A038}.Debug|Any CPU.ActiveCfg = Debug|Any CPU
		{5FCCA0F4-1DEC-4EB1-9625-AF07AD09A038}.Debug|Any CPU.Build.0 = Debug|Any CPU
		{5FCCA0F4-1DEC-4EB1-9625-AF07AD09A038}.Release|Any CPU.ActiveCfg = Release|Any CPU
		{5FCCA0F4-1DEC-4EB1-9625-AF07AD09A038}.Release|Any CPU.Build.0 = Release|Any CPU
	EndGlobalSection
	GlobalSection(SolutionProperties) = preSolution
		HideSolutionNode = FALSE
	EndGlobalSection
	GlobalSection(ExtensibilityGlobals) = postSolution
		SolutionGuid = {ED39F251-5F2B-4DB6-8109-80776EE81775}
	EndGlobalSection
EndGlobal
